
Microsoft Visual Studio Solution File, Format Version 12.00
# Visual Studio Version 17
VisualStudioVersion = 17.6.33723.286
MinimumVisualStudioVersion = 10.0.40219.1
Project("{FAE04EC0-301F-11D3-BF4B-00C04F79EFBC}") = "StackOverflowProject", "StackOverflowProject.csproj", "{9D452548-B674-41DA-B5DF-9E184DE38B8C}"
EndProject
Project("{FAE04EC0-301F-11D3-BF4B-00C04F79EFBC}") = "StackOverflowProject.DomainModels", "..\StackOverflowProject.DomainModels\StackOverflowProject.DomainModels.csproj", "{C52FEE4A-F879-4561-82B6-4C6084459AC3}"
EndProject
Project("{FAE04EC0-301F-11D3-BF4B-00C04F79EFBC}") = "StackOverflowProject.ViewModels", "..\StackOverflowProject.ViewModels\StackOverflowProject.ViewModels.csproj", "{FDCD211B-2D6F-4A43-967C-1F50D625EE13}"
EndProject
Project("{FAE04EC0-301F-11D3-BF4B-00C04F79EFBC}") = "StackOverflowProject.ServiceLayer", "..\StackOverflowProject.ServiceLayer\StackOverflowProject.ServiceLayer.csproj", "{18A3C1F2-B9D4-4223-8252-BD9532AE99AD}"
EndProject
Project("{FAE04EC0-301F-11D3-BF4B-00C04F79EFBC}") = "StackOverflowProject.Repositories", "..\StackOverflowProject.Repositories\StackOverflowProject.Repositories.csproj", "{6159E37C-80FA-4E67-B4FE-847546E709F1}"
EndProject
Global
	GlobalSection(SolutionConfigurationPlatforms) = preSolution
		Debug|Any CPU = Debug|Any CPU
		Release|Any CPU = Release|Any CPU
	EndGlobalSection
	GlobalSection(ProjectConfigurationPlatforms) = postSolution
		{9D452548-B674-41DA-B5DF-9E184DE38B8C}.Debug|Any CPU.ActiveCfg = Debug|Any CPU
		{9D452548-B674-41DA-B5DF-9E184DE38B8C}.Debug|Any CPU.Build.0 = Debug|Any CPU
		{9D452548-B674-41DA-B5DF-9E184DE38B8C}.Release|Any CPU.ActiveCfg = Release|Any CPU
		{9D452548-B674-41DA-B5DF-9E184DE38B8C}.Release|Any CPU.Build.0 = Release|Any CPU
		{C52FEE4A-F879-4561-82B6-4C6084459AC3}.Debug|Any CPU.ActiveCfg = Debug|Any CPU
		{C52FEE4A-F879-4561-82B6-4C6084459AC3}.Debug|Any CPU.Build.0 = Debug|Any CPU
		{C52FEE4A-F879-4561-82B6-4C6084459AC3}.Release|Any CPU.ActiveCfg = Release|Any CPU
		{C52FEE4A-F879-4561-82B6-4C6084459AC3}.Release|Any CPU.Build.0 = Release|Any CPU
		{FDCD211B-2D6F-4A43-967C-1F50D625EE13}.Debug|Any CPU.ActiveCfg = Debug|Any CPU
		{FDCD211B-2D6F-4A43-967C-1F50D625EE13}.Debug|Any CPU.Build.0 = Debug|Any CPU
		{FDCD211B-2D6F-4A43-967C-1F50D625EE13}.Release|Any CPU.ActiveCfg = Release|Any CPU
		{FDCD211B-2D6F-4A43-967C-1F50D625EE13}.Release|Any CPU.Build.0 = Release|Any CPU
		{18A3C1F2-B9D4-4223-8252-BD9532AE99AD}.Debug|Any CPU.ActiveCfg = Debug|Any CPU
		{18A3C1F2-B9D4-4223-8252-BD9532AE99AD}.Debug|Any CPU.Build.0 = Debug|Any CPU
		{18A3C1F2-B9D4-4223-8252-BD9532AE99AD}.Release|Any CPU.ActiveCfg = Release|Any CPU
		{18A3C1F2-B9D4-4223-8252-BD9532AE99AD}.Release|Any CPU.Build.0 = Release|Any CPU
		{6159E37C-80FA-4E67-B4FE-847546E709F1}.Debug|Any CPU.ActiveCfg = Debug|Any CPU
		{6159E37C-80FA-4E67-B4FE-847546E709F1}.Debug|Any CPU.Build.0 = Debug|Any CPU
		{6159E37C-80FA-4E67-B4FE-847546E709F1}.Release|Any CPU.ActiveCfg = Release|Any CPU
		{6159E37C-80FA-4E67-B4FE-847546E709F1}.Release|Any CPU.Build.0 = Release|Any CPU
	EndGlobalSection
	GlobalSection(SolutionProperties) = preSolution
		HideSolutionNode = FALSE
	EndGlobalSection
	GlobalSection(ExtensibilityGlobals) = postSolution
		SolutionGuid = {75E79D2F-2E86-49B9-B0D2-0D968ACE1787}
	EndGlobalSection
EndGlobal
